{
  "version": 4,
  "terraform_version": "1.1.7",
  "serial": 21,
  "lineage": "b42854b3-0f55-febe-353c-f76bee64120c",
  "outputs": {},
  "resources": [
    {
      "mode": "managed",
      "type": "aws_iam_account_password_policy",
      "name": "strict",
      "provider": "provider[\"registry.terraform.io/hashicorp/aws\"]",
      "instances": [
        {
          "schema_version": 0,
          "attributes": {
            "allow_users_to_change_password": true,
            "expire_passwords": false,
            "hard_expiry": false,
            "id": "iam-account-password-policy",
            "max_password_age": 0,
            "minimum_password_length": 14,
            "password_reuse_prevention": 0,
            "require_lowercase_characters": true,
            "require_numbers": true,
            "require_symbols": true,
            "require_uppercase_characters": true
          },
          "sensitive_attributes": [],
          "private": "bnVsbA=="
        }
      ]
    },
    {
      "mode": "managed",
      "type": "aws_iam_group",
      "name": "administrator",
      "provider": "provider[\"registry.terraform.io/hashicorp/aws\"]",
      "instances": [
        {
          "schema_version": 0,
          "attributes": {
            "arn": "arn:aws:iam::555009042889:group/administrator",
            "id": "administrator",
            "name": "administrator",
            "path": "/",
            "unique_id": "AGPAYCOI55HE4O66Y4WLR"
          },
          "sensitive_attributes": [],
          "private": "bnVsbA=="
        }
      ]
    },
    {
      "mode": "managed",
      "type": "aws_iam_group",
      "name": "developer",
      "provider": "provider[\"registry.terraform.io/hashicorp/aws\"]",
      "instances": [
        {
          "schema_version": 0,
          "attributes": {
            "arn": "arn:aws:iam::555009042889:group/users/developer",
            "id": "developer",
            "name": "developer",
            "path": "/users/",
            "unique_id": "AGPAYCOI55HE7OCWAUJHV"
          },
          "sensitive_attributes": [],
          "private": "bnVsbA=="
        }
      ]
    },
    {
      "mode": "managed",
      "type": "aws_iam_group",
      "name": "exploiter",
      "provider": "provider[\"registry.terraform.io/hashicorp/aws\"]",
      "instances": [
        {
          "schema_version": 0,
          "attributes": {
            "arn": "arn:aws:iam::555009042889:group/users/exploiter",
            "id": "exploiter",
            "name": "exploiter",
            "path": "/users/",
            "unique_id": "AGPAYCOI55HEQINLGAG2Q"
          },
          "sensitive_attributes": [],
          "private": "bnVsbA=="
        }
      ]
    },
    {
      "mode": "managed",
      "type": "aws_iam_group_policy",
      "name": "administrator_policy",
      "provider": "provider[\"registry.terraform.io/hashicorp/aws\"]",
      "instances": [
        {
          "schema_version": 0,
          "attributes": {
            "group": "administrator",
            "id": "administrator:administrator_policy",
            "name": "administrator_policy",
            "name_prefix": null,
            "policy": "{\"Statement\":[{\"Action\":[\"iam:ChangePassword\",\"iam:CreatePolicy\",\"iam:*Delete*\",\"iam:*Create*\",\"iam:GetLoginProfile\",\"iam:*Update*\"],\"Effect\":\"Deny\",\"Resource\":\"*\"}],\"Version\":\"2012-10-17\"}"
          },
          "sensitive_attributes": [],
          "private": "bnVsbA==",
          "dependencies": [
            "aws_iam_group.administrator"
          ]
        }
      ]
    },
    {
      "mode": "managed",
      "type": "aws_iam_group_policy",
      "name": "developer_policy",
      "provider": "provider[\"registry.terraform.io/hashicorp/aws\"]",
      "instances": [
        {
          "schema_version": 0,
          "attributes": {
            "group": "developer",
            "id": "developer:my_developer_policy",
            "name": "my_developer_policy",
            "name_prefix": null,
            "policy": "{\"Statement\":[{\"Action\":[\"ec2:Describe*\",\"rds:Describe*\",\"iam:ChangePassword\"],\"Effect\":\"Allow\",\"Resource\":\"*\"}],\"Version\":\"2012-10-17\"}"
          },
          "sensitive_attributes": [],
          "private": "bnVsbA==",
          "dependencies": [
            "aws_iam_group.developer"
          ]
        }
      ]
    },
    {
      "mode": "managed",
      "type": "aws_iam_group_policy",
      "name": "exploiter_policy",
      "provider": "provider[\"registry.terraform.io/hashicorp/aws\"]",
      "instances": [
        {
          "schema_version": 0,
          "attributes": {
            "group": "exploiter",
            "id": "exploiter:exploiter_policy",
            "name": "exploiter_policy",
            "name_prefix": null,
            "policy": "{\"Statement\":[{\"Action\":[\"ec2:*\",\"rds:*\",\"iam:ChangePassword\"],\"Effect\":\"Allow\",\"Resource\":\"*\"}],\"Version\":\"2012-10-17\"}"
          },
          "sensitive_attributes": [],
          "private": "bnVsbA==",
          "dependencies": [
            "aws_iam_group.exploiter"
          ]
        }
      ]
    },
    {
      "module": "module.enforce_mfa",
      "mode": "data",
      "type": "aws_iam_policy_document",
      "name": "this",
      "provider": "provider[\"registry.terraform.io/hashicorp/aws\"]",
      "instances": [
        {
          "schema_version": 0,
          "attributes": {
            "id": "83580683",
            "json": "{\n  \"Version\": \"2012-10-17\",\n  \"Statement\": [\n    {\n      \"Sid\": \"AllowBasicVisibilityWithoutMfa\",\n      \"Effect\": \"Allow\",\n      \"Action\": [\n        \"iam:ListVirtualMFADevices\",\n        \"iam:ListUsers\",\n        \"iam:ListAccountAliases\",\n        \"iam:GetAccountSummary\",\n        \"iam:GetAccountPasswordPolicy\"\n      ],\n      \"Resource\": \"*\"\n    },\n    {\n      \"Sid\": \"MFAPersonalCreate\",\n      \"Effect\": \"Allow\",\n      \"Action\": [\n        \"iam:DeleteVirtualMFADevice\",\n        \"iam:CreateVirtualMFADevice\"\n      ],\n      \"Resource\": \"arn:aws:iam::*:mfa/${aws:username}\"\n    },\n    {\n      \"Sid\": \"AllowIndividualUserToDeactivateOnlyTheirOwnMFAOnlyWhenUsingMFA\",\n      \"Effect\": \"Allow\",\n      \"Action\": \"iam:DeleteVirtualMFADevice\",\n      \"Resource\": [\n        \"arn:aws:iam::*:user/${aws:username}\",\n        \"arn:aws:iam::*:mfa/${aws:username}\"\n      ],\n      \"Condition\": {\n        \"Bool\": {\n          \"aws:MultiFactorAuthPresent\": \"true\"\n        }\n      }\n    },\n    {\n      \"Sid\": \"\",\n      \"Effect\": \"Allow\",\n      \"Action\": [\n        \"iam:ListGroupsForUser\",\n        \"iam:GetUser\"\n      ],\n      \"Resource\": \"arn:aws:iam::*:user/${aws:username}\"\n    },\n    {\n      \"Sid\": \"\",\n      \"Effect\": \"Allow\",\n      \"Action\": \"iam:ListGroups\",\n      \"Resource\": \"arn:aws:iam::*:group/\"\n    },\n    {\n      \"Sid\": \"\",\n      \"Effect\": \"Allow\",\n      \"Action\": [\n        \"iam:ListGroupPolicies\",\n        \"iam:ListAttachedGroupPolicies\"\n      ],\n      \"Resource\": \"arn:aws:iam::*:group/*\"\n    },\n    {\n      \"Sid\": \"AllowToListOnlyOwnMFA\",\n      \"Effect\": \"Allow\",\n      \"Action\": \"iam:ListMFADevices\",\n      \"Resource\": [\n        \"arn:aws:iam::*:user/${aws:username}\",\n        \"arn:aws:iam::*:mfa/*\"\n      ]\n    },\n    {\n      \"Sid\": \"AllowManageOwnUserMFA\",\n      \"Effect\": \"Allow\",\n      \"Action\": [\n        \"iam:UpdateUser\",\n        \"iam:UpdateLoginProfile\",\n        \"iam:ListSSHPublicKeys\",\n        \"iam:ListAttachedUserPolicies\",\n        \"iam:ListAccessKeys\",\n        \"iam:GetLoginProfile\",\n        \"iam:CreateLoginProfile\",\n        \"iam:ChangePassword\"\n      ],\n      \"Resource\": \"arn:aws:iam::*:user/${aws:username}\"\n    },\n    {\n      \"Sid\": \"AllowUserToManageOwnMFA\",\n      \"Effect\": \"Allow\",\n      \"Action\": [\n        \"iam:ResyncMFADevice\",\n        \"iam:EnableMFADevice\",\n        \"iam:DeleteVirtualMFADevice\",\n        \"iam:CreateVirtualMFADevice\"\n      ],\n      \"Resource\": [\n        \"arn:aws:iam::*:user/${aws:username}\",\n        \"arn:aws:iam::*:mfa/${aws:username}\"\n      ]\n    },\n    {\n      \"Sid\": \"KeysAndCertificates\",\n      \"Effect\": \"Allow\",\n      \"Action\": [\n        \"iam:ListSigningCertificates\",\n        \"iam:ListSSHPublicKeys\",\n        \"iam:GetSSHPublicKey\"\n      ],\n      \"Resource\": \"arn:aws:iam::*:user/${aws:username}\"\n    },\n    {\n      \"Sid\": \"AllowUserToDeactivateOnlyOwnMFAWhenUsingMFA\",\n      \"Effect\": \"Allow\",\n      \"Action\": \"iam:DeactivateMFADevice\",\n      \"Resource\": [\n        \"arn:aws:iam::*:user/${aws:username}\",\n        \"arn:aws:iam::*:mfa/${aws:username}\"\n      ],\n      \"Condition\": {\n        \"Bool\": {\n          \"aws:MultiFactorAuthPresent\": \"true\"\n        }\n      }\n    },\n    {\n      \"Sid\": \"AllowBasicVisibilityWhenLoggedInWithMFA\",\n      \"Effect\": \"Allow\",\n      \"Action\": [\n        \"iam:ListUserTags\",\n        \"iam:ListUserPolicies\",\n        \"iam:ListServiceSpecificCredentials\",\n        \"iam:ListPolicies\",\n        \"iam:ListGroupsForUser\",\n        \"iam:ListAttachedUserPolicies\",\n        \"iam:GetUser\",\n        \"iam:GetGroup\",\n        \"iam:GenerateServiceLastAccessedDetails\"\n      ],\n      \"Resource\": \"*\",\n      \"Condition\": {\n        \"Bool\": {\n          \"aws:MultiFactorAuthPresent\": \"true\"\n        }\n      }\n    },\n    {\n      \"Sid\": \"AllowManageOwnSigningCertificates\",\n      \"Effect\": \"Allow\",\n      \"Action\": [\n        \"iam:UploadSigningCertificate\",\n        \"iam:UpdateSigningCertificate\",\n        \"iam:ListSigningCertificates\",\n        \"iam:DeleteSigningCertificate\"\n      ],\n      \"Resource\": \"arn:aws:iam::*:user/${aws:username}\",\n      \"Condition\": {\n        \"BoolIfExists\": {\n          \"aws:MultiFactorAuthPresent\": \"true\"\n        }\n      }\n    },\n    {\n      \"Sid\": \"AllowManageOwnSSHPublicKeys\",\n      \"Effect\": \"Allow\",\n      \"Action\": [\n        \"iam:UploadSSHPublicKey\",\n        \"iam:UpdateSSHPublicKey\",\n        \"iam:DeleteSSHPublicKey\"\n      ],\n      \"Resource\": \"arn:aws:iam::*:user/${aws:username}\",\n      \"Condition\": {\n        \"BoolIfExists\": {\n          \"aws:MultiFactorAuthPresent\": \"true\"\n        }\n      }\n    },\n    {\n      \"Sid\": \"AllowManageOwnGitCredentials\",\n      \"Effect\": \"Allow\",\n      \"Action\": [\n        \"iam:UpdateServiceSpecificCredential\",\n        \"iam:ResetServiceSpecificCredential\",\n        \"iam:ListServiceSpecificCredentials\",\n        \"iam:DeleteServiceSpecificCredential\",\n        \"iam:CreateServiceSpecificCredential\"\n      ],\n      \"Resource\": \"arn:aws:iam::*:user/${aws:username}\",\n      \"Condition\": {\n        \"BoolIfExists\": {\n          \"aws:MultiFactorAuthPresent\": \"true\"\n        }\n      }\n    }\n  ]\n}",
            "override_json": null,
            "override_policy_documents": null,
            "policy_id": null,
            "source_json": null,
            "source_policy_documents": null,
            "statement": [
              {
                "actions": [
                  "iam:GetAccountPasswordPolicy",
                  "iam:GetAccountSummary",
                  "iam:ListAccountAliases",
                  "iam:ListUsers",
                  "iam:ListVirtualMFADevices"
                ],
                "condition": [],
                "effect": "Allow",
                "not_actions": [],
                "not_principals": [],
                "not_resources": [],
                "principals": [],
                "resources": [
                  "*"
                ],
                "sid": "AllowBasicVisibilityWithoutMfa"
              },
              {
                "actions": [
                  "iam:CreateVirtualMFADevice",
                  "iam:DeleteVirtualMFADevice"
                ],
                "condition": [],
                "effect": "Allow",
                "not_actions": [],
                "not_principals": [],
                "not_resources": [],
                "principals": [],
                "resources": [
                  "arn:aws:iam::*:mfa/\u0026{aws:username}"
                ],
                "sid": "MFAPersonalCreate"
              },
              {
                "actions": [
                  "iam:DeleteVirtualMFADevice"
                ],
                "condition": [
                  {
                    "test": "Bool",
                    "values": [
                      "true"
                    ],
                    "variable": "aws:MultiFactorAuthPresent"
                  }
                ],
                "effect": "Allow",
                "not_actions": [],
                "not_principals": [],
                "not_resources": [],
                "principals": [],
                "resources": [
                  "arn:aws:iam::*:mfa/\u0026{aws:username}",
                  "arn:aws:iam::*:user/\u0026{aws:username}"
                ],
                "sid": "AllowIndividualUserToDeactivateOnlyTheirOwnMFAOnlyWhenUsingMFA"
              },
              {
                "actions": [
                  "iam:GetUser",
                  "iam:ListGroupsForUser"
                ],
                "condition": [],
                "effect": "Allow",
                "not_actions": [],
                "not_principals": [],
                "not_resources": [],
                "principals": [],
                "resources": [
                  "arn:aws:iam::*:user/\u0026{aws:username}"
                ],
                "sid": ""
              },
              {
                "actions": [
                  "iam:ListGroups"
                ],
                "condition": [],
                "effect": "Allow",
                "not_actions": [],
                "not_principals": [],
                "not_resources": [],
                "principals": [],
                "resources": [
                  "arn:aws:iam::*:group/"
                ],
                "sid": ""
              },
              {
                "actions": [
                  "iam:ListAttachedGroupPolicies",
                  "iam:ListGroupPolicies"
                ],
                "condition": [],
                "effect": "Allow",
                "not_actions": [],
                "not_principals": [],
                "not_resources": [],
                "principals": [],
                "resources": [
                  "arn:aws:iam::*:group/*"
                ],
                "sid": ""
              },
              {
                "actions": [
                  "iam:ListMFADevices"
                ],
                "condition": [],
                "effect": "Allow",
                "not_actions": [],
                "not_principals": [],
                "not_resources": [],
                "principals": [],
                "resources": [
                  "arn:aws:iam::*:mfa/*",
                  "arn:aws:iam::*:user/\u0026{aws:username}"
                ],
                "sid": "AllowToListOnlyOwnMFA"
              },
              {
                "actions": [
                  "iam:ChangePassword",
                  "iam:CreateLoginProfile",
                  "iam:GetLoginProfile",
                  "iam:ListAccessKeys",
                  "iam:ListAttachedUserPolicies",
                  "iam:ListSSHPublicKeys",
                  "iam:UpdateLoginProfile",
                  "iam:UpdateUser"
                ],
                "condition": [],
                "effect": "Allow",
                "not_actions": [],
                "not_principals": [],
                "not_resources": [],
                "principals": [],
                "resources": [
                  "arn:aws:iam::*:user/\u0026{aws:username}"
                ],
                "sid": "AllowManageOwnUserMFA"
              },
              {
                "actions": [
                  "iam:CreateVirtualMFADevice",
                  "iam:DeleteVirtualMFADevice",
                  "iam:EnableMFADevice",
                  "iam:ResyncMFADevice"
                ],
                "condition": [],
                "effect": "Allow",
                "not_actions": [],
                "not_principals": [],
                "not_resources": [],
                "principals": [],
                "resources": [
                  "arn:aws:iam::*:mfa/\u0026{aws:username}",
                  "arn:aws:iam::*:user/\u0026{aws:username}"
                ],
                "sid": "AllowUserToManageOwnMFA"
              },
              {
                "actions": [
                  "iam:GetSSHPublicKey",
                  "iam:ListSSHPublicKeys",
                  "iam:ListSigningCertificates"
                ],
                "condition": [],
                "effect": "Allow",
                "not_actions": [],
                "not_principals": [],
                "not_resources": [],
                "principals": [],
                "resources": [
                  "arn:aws:iam::*:user/\u0026{aws:username}"
                ],
                "sid": "KeysAndCertificates"
              },
              {
                "actions": [
                  "iam:DeactivateMFADevice"
                ],
                "condition": [
                  {
                    "test": "Bool",
                    "values": [
                      "true"
                    ],
                    "variable": "aws:MultiFactorAuthPresent"
                  }
                ],
                "effect": "Allow",
                "not_actions": [],
                "not_principals": [],
                "not_resources": [],
                "principals": [],
                "resources": [
                  "arn:aws:iam::*:mfa/\u0026{aws:username}",
                  "arn:aws:iam::*:user/\u0026{aws:username}"
                ],
                "sid": "AllowUserToDeactivateOnlyOwnMFAWhenUsingMFA"
              },
              {
                "actions": [
                  "iam:GenerateServiceLastAccessedDetails",
                  "iam:GetGroup",
                  "iam:GetUser",
                  "iam:ListAttachedUserPolicies",
                  "iam:ListGroupsForUser",
                  "iam:ListPolicies",
                  "iam:ListServiceSpecificCredentials",
                  "iam:ListUserPolicies",
                  "iam:ListUserTags"
                ],
                "condition": [
                  {
                    "test": "Bool",
                    "values": [
                      "true"
                    ],
                    "variable": "aws:MultiFactorAuthPresent"
                  }
                ],
                "effect": "Allow",
                "not_actions": [],
                "not_principals": [],
                "not_resources": [],
                "principals": [],
                "resources": [
                  "*"
                ],
                "sid": "AllowBasicVisibilityWhenLoggedInWithMFA"
              },
              {
                "actions": [
                  "iam:DeleteSigningCertificate",
                  "iam:ListSigningCertificates",
                  "iam:UpdateSigningCertificate",
                  "iam:UploadSigningCertificate"
                ],
                "condition": [
                  {
                    "test": "BoolIfExists",
                    "values": [
                      "true"
                    ],
                    "variable": "aws:MultiFactorAuthPresent"
                  }
                ],
                "effect": "Allow",
                "not_actions": [],
                "not_principals": [],
                "not_resources": [],
                "principals": [],
                "resources": [
                  "arn:aws:iam::*:user/\u0026{aws:username}"
                ],
                "sid": "AllowManageOwnSigningCertificates"
              },
              {
                "actions": [
                  "iam:DeleteSSHPublicKey",
                  "iam:UpdateSSHPublicKey",
                  "iam:UploadSSHPublicKey"
                ],
                "condition": [
                  {
                    "test": "BoolIfExists",
                    "values": [
                      "true"
                    ],
                    "variable": "aws:MultiFactorAuthPresent"
                  }
                ],
                "effect": "Allow",
                "not_actions": [],
                "not_principals": [],
                "not_resources": [],
                "principals": [],
                "resources": [
                  "arn:aws:iam::*:user/\u0026{aws:username}"
                ],
                "sid": "AllowManageOwnSSHPublicKeys"
              },
              {
                "actions": [
                  "iam:CreateServiceSpecificCredential",
                  "iam:DeleteServiceSpecificCredential",
                  "iam:ListServiceSpecificCredentials",
                  "iam:ResetServiceSpecificCredential",
                  "iam:UpdateServiceSpecificCredential"
                ],
                "condition": [
                  {
                    "test": "BoolIfExists",
                    "values": [
                      "true"
                    ],
                    "variable": "aws:MultiFactorAuthPresent"
                  }
                ],
                "effect": "Allow",
                "not_actions": [],
                "not_principals": [],
                "not_resources": [],
                "principals": [],
                "resources": [
                  "arn:aws:iam::*:user/\u0026{aws:username}"
                ],
                "sid": "AllowManageOwnGitCredentials"
              }
            ],
            "version": "2012-10-17"
          },
          "sensitive_attributes": []
        }
      ]
    },
    {
      "module": "module.enforce_mfa",
      "mode": "managed",
      "type": "aws_iam_group_policy_attachment",
      "name": "to_groups",
      "provider": "provider[\"registry.terraform.io/hashicorp/aws\"]",
      "instances": [
        {
          "index_key": 0,
          "schema_version": 0,
          "attributes": {
            "group": "developer",
            "id": "developer-20220328151830686700000003",
            "policy_arn": "arn:aws:iam::555009042889:policy/managed-mfa-enforce"
          },
          "sensitive_attributes": [],
          "private": "bnVsbA==",
          "dependencies": [
            "aws_iam_group.administrator",
            "aws_iam_group.developer",
            "aws_iam_group.exploiter",
            "module.enforce_mfa.aws_iam_policy.this",
            "module.enforce_mfa.data.aws_iam_policy_document.this"
          ]
        },
        {
          "index_key": 1,
          "schema_version": 0,
          "attributes": {
            "group": "exploiter",
            "id": "exploiter-20220328151830652100000002",
            "policy_arn": "arn:aws:iam::555009042889:policy/managed-mfa-enforce"
          },
          "sensitive_attributes": [],
          "private": "bnVsbA==",
          "dependencies": [
            "aws_iam_group.administrator",
            "aws_iam_group.developer",
            "aws_iam_group.exploiter",
            "module.enforce_mfa.aws_iam_policy.this",
            "module.enforce_mfa.data.aws_iam_policy_document.this"
          ]
        },
        {
          "index_key": 2,
          "schema_version": 0,
          "attributes": {
            "group": "administrator",
            "id": "administrator-20220328151830651800000001",
            "policy_arn": "arn:aws:iam::555009042889:policy/managed-mfa-enforce"
          },
          "sensitive_attributes": [],
          "private": "bnVsbA==",
          "dependencies": [
            "aws_iam_group.administrator",
            "aws_iam_group.developer",
            "aws_iam_group.exploiter",
            "module.enforce_mfa.aws_iam_policy.this",
            "module.enforce_mfa.data.aws_iam_policy_document.this"
          ]
        }
      ]
    },
    {
      "module": "module.enforce_mfa",
      "mode": "managed",
      "type": "aws_iam_policy",
      "name": "this",
      "provider": "provider[\"registry.terraform.io/hashicorp/aws\"]",
      "instances": [
        {
          "schema_version": 0,
          "attributes": {
            "arn": "arn:aws:iam::555009042889:policy/managed-mfa-enforce",
            "description": "Policy to allow MFA management",
            "id": "arn:aws:iam::555009042889:policy/managed-mfa-enforce",
            "name": "managed-mfa-enforce",
            "name_prefix": null,
            "path": "/",
            "policy": "{\"Statement\":[{\"Action\":[\"iam:ListVirtualMFADevices\",\"iam:ListUsers\",\"iam:ListAccountAliases\",\"iam:GetAccountSummary\",\"iam:GetAccountPasswordPolicy\"],\"Effect\":\"Allow\",\"Resource\":\"*\",\"Sid\":\"AllowBasicVisibilityWithoutMfa\"},{\"Action\":[\"iam:DeleteVirtualMFADevice\",\"iam:CreateVirtualMFADevice\"],\"Effect\":\"Allow\",\"Resource\":\"arn:aws:iam::*:mfa/${aws:username}\",\"Sid\":\"MFAPersonalCreate\"},{\"Action\":\"iam:DeleteVirtualMFADevice\",\"Condition\":{\"Bool\":{\"aws:MultiFactorAuthPresent\":\"true\"}},\"Effect\":\"Allow\",\"Resource\":[\"arn:aws:iam::*:user/${aws:username}\",\"arn:aws:iam::*:mfa/${aws:username}\"],\"Sid\":\"AllowIndividualUserToDeactivateOnlyTheirOwnMFAOnlyWhenUsingMFA\"},{\"Action\":[\"iam:ListGroupsForUser\",\"iam:GetUser\"],\"Effect\":\"Allow\",\"Resource\":\"arn:aws:iam::*:user/${aws:username}\",\"Sid\":\"\"},{\"Action\":\"iam:ListGroups\",\"Effect\":\"Allow\",\"Resource\":\"arn:aws:iam::*:group/\",\"Sid\":\"\"},{\"Action\":[\"iam:ListGroupPolicies\",\"iam:ListAttachedGroupPolicies\"],\"Effect\":\"Allow\",\"Resource\":\"arn:aws:iam::*:group/*\",\"Sid\":\"\"},{\"Action\":\"iam:ListMFADevices\",\"Effect\":\"Allow\",\"Resource\":[\"arn:aws:iam::*:user/${aws:username}\",\"arn:aws:iam::*:mfa/*\"],\"Sid\":\"AllowToListOnlyOwnMFA\"},{\"Action\":[\"iam:UpdateUser\",\"iam:UpdateLoginProfile\",\"iam:ListSSHPublicKeys\",\"iam:ListAttachedUserPolicies\",\"iam:ListAccessKeys\",\"iam:GetLoginProfile\",\"iam:CreateLoginProfile\",\"iam:ChangePassword\"],\"Effect\":\"Allow\",\"Resource\":\"arn:aws:iam::*:user/${aws:username}\",\"Sid\":\"AllowManageOwnUserMFA\"},{\"Action\":[\"iam:ResyncMFADevice\",\"iam:EnableMFADevice\",\"iam:DeleteVirtualMFADevice\",\"iam:CreateVirtualMFADevice\"],\"Effect\":\"Allow\",\"Resource\":[\"arn:aws:iam::*:user/${aws:username}\",\"arn:aws:iam::*:mfa/${aws:username}\"],\"Sid\":\"AllowUserToManageOwnMFA\"},{\"Action\":[\"iam:ListSigningCertificates\",\"iam:ListSSHPublicKeys\",\"iam:GetSSHPublicKey\"],\"Effect\":\"Allow\",\"Resource\":\"arn:aws:iam::*:user/${aws:username}\",\"Sid\":\"KeysAndCertificates\"},{\"Action\":\"iam:DeactivateMFADevice\",\"Condition\":{\"Bool\":{\"aws:MultiFactorAuthPresent\":\"true\"}},\"Effect\":\"Allow\",\"Resource\":[\"arn:aws:iam::*:user/${aws:username}\",\"arn:aws:iam::*:mfa/${aws:username}\"],\"Sid\":\"AllowUserToDeactivateOnlyOwnMFAWhenUsingMFA\"},{\"Action\":[\"iam:ListUserTags\",\"iam:ListUserPolicies\",\"iam:ListServiceSpecificCredentials\",\"iam:ListPolicies\",\"iam:ListGroupsForUser\",\"iam:ListAttachedUserPolicies\",\"iam:GetUser\",\"iam:GetGroup\",\"iam:GenerateServiceLastAccessedDetails\"],\"Condition\":{\"Bool\":{\"aws:MultiFactorAuthPresent\":\"true\"}},\"Effect\":\"Allow\",\"Resource\":\"*\",\"Sid\":\"AllowBasicVisibilityWhenLoggedInWithMFA\"},{\"Action\":[\"iam:UploadSigningCertificate\",\"iam:UpdateSigningCertificate\",\"iam:ListSigningCertificates\",\"iam:DeleteSigningCertificate\"],\"Condition\":{\"BoolIfExists\":{\"aws:MultiFactorAuthPresent\":\"true\"}},\"Effect\":\"Allow\",\"Resource\":\"arn:aws:iam::*:user/${aws:username}\",\"Sid\":\"AllowManageOwnSigningCertificates\"},{\"Action\":[\"iam:UploadSSHPublicKey\",\"iam:UpdateSSHPublicKey\",\"iam:DeleteSSHPublicKey\"],\"Condition\":{\"BoolIfExists\":{\"aws:MultiFactorAuthPresent\":\"true\"}},\"Effect\":\"Allow\",\"Resource\":\"arn:aws:iam::*:user/${aws:username}\",\"Sid\":\"AllowManageOwnSSHPublicKeys\"},{\"Action\":[\"iam:UpdateServiceSpecificCredential\",\"iam:ResetServiceSpecificCredential\",\"iam:ListServiceSpecificCredentials\",\"iam:DeleteServiceSpecificCredential\",\"iam:CreateServiceSpecificCredential\"],\"Condition\":{\"BoolIfExists\":{\"aws:MultiFactorAuthPresent\":\"true\"}},\"Effect\":\"Allow\",\"Resource\":\"arn:aws:iam::*:user/${aws:username}\",\"Sid\":\"AllowManageOwnGitCredentials\"}],\"Version\":\"2012-10-17\"}",
            "policy_id": "ANPAYCOI55HE56BXTU3IP",
            "tags": null,
            "tags_all": {}
          },
          "sensitive_attributes": [],
          "private": "bnVsbA==",
          "dependencies": [
            "module.enforce_mfa.data.aws_iam_policy_document.this"
          ]
        }
      ]
    }
  ]
}
