{
  "version": 4,
  "terraform_version": "1.1.7",
  "serial": 135,
  "lineage": "0a201e2f-6fd8-3e2c-c56b-2e0f275fb97b",
  "outputs": {},
  "resources": [
    {
      "mode": "data",
      "type": "aws_partition",
      "name": "current",
      "provider": "provider[\"registry.terraform.io/hashicorp/aws\"]",
      "instances": [
        {
          "schema_version": 0,
          "attributes": {
            "dns_suffix": "amazonaws.com",
            "id": "aws",
            "partition": "aws",
            "reverse_dns_prefix": "com.amazonaws"
          },
          "sensitive_attributes": []
        }
      ]
    },
    {
      "mode": "managed",
      "type": "aws_budgets_budget",
      "name": "budget_B2",
      "provider": "provider[\"registry.terraform.io/hashicorp/aws\"]",
      "instances": [
        {
          "schema_version": 0,
          "attributes": {
            "account_id": "555009042889",
            "arn": "arn:aws:budgets::555009042889:budget/budget-B2",
            "budget_type": "USAGE",
            "cost_filter": [],
            "cost_filters": {},
            "cost_types": [
              {
                "include_credit": true,
                "include_discount": true,
                "include_other_subscription": true,
                "include_recurring": true,
                "include_refund": true,
                "include_subscription": true,
                "include_support": true,
                "include_tax": true,
                "include_upfront": true,
                "use_amortized": false,
                "use_blended": false
              }
            ],
            "id": "555009042889:budget-B2",
            "limit_amount": "25.0",
            "limit_unit": "USD",
            "name": "budget-B2",
            "name_prefix": "",
            "notification": [
              {
                "comparison_operator": "GREATER_THAN",
                "notification_type": "ACTUAL",
                "subscriber_email_addresses": [
                  "akin@eurecom.fr"
                ],
                "subscriber_sns_topic_arns": [],
                "threshold": 100,
                "threshold_type": "PERCENTAGE"
              },
              {
                "comparison_operator": "GREATER_THAN",
                "notification_type": "ACTUAL",
                "subscriber_email_addresses": [
                  "akin@eurecom.fr"
                ],
                "subscriber_sns_topic_arns": [],
                "threshold": 50,
                "threshold_type": "PERCENTAGE"
              },
              {
                "comparison_operator": "GREATER_THAN",
                "notification_type": "ACTUAL",
                "subscriber_email_addresses": [
                  "akin@eurecom.fr"
                ],
                "subscriber_sns_topic_arns": [],
                "threshold": 90,
                "threshold_type": "PERCENTAGE"
              }
            ],
            "time_period_end": "2087-06-15_00:00",
            "time_period_start": "2022-03-01_00:00",
            "time_unit": "MONTHLY"
          },
          "sensitive_attributes": [],
          "private": "bnVsbA=="
        }
      ]
    },
    {
      "mode": "managed",
      "type": "aws_budgets_budget",
      "name": "budget_alerting",
      "provider": "provider[\"registry.terraform.io/hashicorp/aws\"]",
      "instances": [
        {
          "schema_version": 0,
          "attributes": {
            "account_id": "555009042889",
            "arn": "arn:aws:budgets::555009042889:budget/budget-alerting",
            "budget_type": "COST",
            "cost_filter": [],
            "cost_filters": {},
            "cost_types": [
              {
                "include_credit": true,
                "include_discount": true,
                "include_other_subscription": true,
                "include_recurring": true,
                "include_refund": true,
                "include_subscription": true,
                "include_support": true,
                "include_tax": true,
                "include_upfront": true,
                "use_amortized": false,
                "use_blended": false
              }
            ],
            "id": "555009042889:budget-alerting",
            "limit_amount": "25.0",
            "limit_unit": "USD",
            "name": "budget-alerting",
            "name_prefix": "",
            "notification": [
              {
                "comparison_operator": "GREATER_THAN",
                "notification_type": "ACTUAL",
                "subscriber_email_addresses": [
                  "akin@eurecom.fr"
                ],
                "subscriber_sns_topic_arns": [],
                "threshold": 100,
                "threshold_type": "PERCENTAGE"
              },
              {
                "comparison_operator": "GREATER_THAN",
                "notification_type": "ACTUAL",
                "subscriber_email_addresses": [
                  "akin@eurecom.fr"
                ],
                "subscriber_sns_topic_arns": [],
                "threshold": 50,
                "threshold_type": "PERCENTAGE"
              },
              {
                "comparison_operator": "GREATER_THAN",
                "notification_type": "ACTUAL",
                "subscriber_email_addresses": [
                  "akin@eurecom.fr"
                ],
                "subscriber_sns_topic_arns": [],
                "threshold": 90,
                "threshold_type": "PERCENTAGE"
              }
            ],
            "time_period_end": "2087-06-15_00:00",
            "time_period_start": "2022-03-01_00:00",
            "time_unit": "MONTHLY"
          },
          "sensitive_attributes": [],
          "private": "bnVsbA=="
        }
      ]
    },
    {
      "mode": "managed",
      "type": "aws_budgets_budget_action",
      "name": "B2",
      "provider": "provider[\"registry.terraform.io/hashicorp/aws\"]",
      "instances": [
        {
          "schema_version": 0,
          "attributes": {
            "account_id": "555009042889",
            "action_id": "2072271c-8bbb-45f1-bb20-2b787e6e8bfe",
            "action_threshold": [
              {
                "action_threshold_type": "PERCENTAGE",
                "action_threshold_value": 100
              }
            ],
            "action_type": "APPLY_IAM_POLICY",
            "approval_model": "AUTOMATIC",
            "arn": "arn:aws:budgets::555009042889:budget/budget-B2/action/2072271c-8bbb-45f1-bb20-2b787e6e8bfe",
            "budget_name": "budget-B2",
            "definition": [
              {
                "iam_action_definition": [
                  {
                    "groups": [],
                    "policy_arn": "arn:aws:iam::555009042889:policy/budget_iam_policy",
                    "roles": [
                      "budget_iam_role"
                    ],
                    "users": []
                  }
                ],
                "scp_action_definition": [],
                "ssm_action_definition": []
              }
            ],
            "execution_role_arn": "arn:aws:iam::555009042889:role/budget_iam_role",
            "id": "555009042889:2072271c-8bbb-45f1-bb20-2b787e6e8bfe:budget-B2",
            "notification_type": "ACTUAL",
            "status": "EXECUTION_FAILURE",
            "subscriber": [
              {
                "address": "chreim@eurecom.fr",
                "subscription_type": "EMAIL"
              }
            ]
          },
          "sensitive_attributes": [],
          "private": "bnVsbA==",
          "dependencies": [
            "aws_iam_policy.budget_iam_policy",
            "aws_iam_role.budget_iam_role",
            "data.aws_partition.current"
          ]
        }
      ]
    },
    {
      "mode": "managed",
      "type": "aws_iam_policy",
      "name": "budget_iam_policy",
      "provider": "provider[\"registry.terraform.io/hashicorp/aws\"]",
      "instances": [
        {
          "schema_version": 0,
          "attributes": {
            "arn": "arn:aws:iam::555009042889:policy/budget_iam_policy",
            "description": "Noops budget IAM policy",
            "id": "arn:aws:iam::555009042889:policy/budget_iam_policy",
            "name": "budget_iam_policy",
            "name_prefix": null,
            "path": "/",
            "policy": "{\"Statement\":[{\"Action\":[\"ec2:Describe*\",\"s3:Describe*\",\"lambda:Describe*\"],\"Effect\":\"Allow\",\"Resource\":\"*\"}],\"Version\":\"2012-10-17\"}",
            "policy_id": "ANPAYCOI55HE3LPXASDWI",
            "tags": {},
            "tags_all": {}
          },
          "sensitive_attributes": [],
          "private": "bnVsbA=="
        }
      ]
    },
    {
      "mode": "managed",
      "type": "aws_iam_role",
      "name": "budget_iam_role",
      "provider": "provider[\"registry.terraform.io/hashicorp/aws\"]",
      "instances": [
        {
          "schema_version": 0,
          "attributes": {
            "arn": "arn:aws:iam::555009042889:role/budget_iam_role",
            "assume_role_policy": "{\"Version\":\"2012-10-17\",\"Statement\":[{\"Effect\":\"Allow\",\"Principal\":{\"Service\":\"budgets.amazonaws.com\"},\"Action\":\"sts:AssumeRole\"}]}",
            "create_date": "2022-03-30T16:16:48Z",
            "description": "",
            "force_detach_policies": false,
            "id": "budget_iam_role",
            "inline_policy": [
              {
                "name": "",
                "policy": ""
              }
            ],
            "managed_policy_arns": [],
            "max_session_duration": 3600,
            "name": "budget_iam_role",
            "name_prefix": "",
            "path": "/",
            "permissions_boundary": null,
            "tags": {},
            "tags_all": {},
            "unique_id": "AROAYCOI55HEW3D2XZAJI"
          },
          "sensitive_attributes": [],
          "private": "bnVsbA==",
          "dependencies": [
            "data.aws_partition.current"
          ]
        }
      ]
    },
    {
      "module": "module.scp",
      "mode": "data",
      "type": "aws_s3_bucket",
      "name": "scp",
      "provider": "provider[\"registry.terraform.io/hashicorp/aws\"]",
      "instances": [
        {
          "schema_version": 0,
          "attributes": {
            "arn": "arn:aws:s3:::team-25-scp-bucket-wave-cloud-202220220315184310488000000001",
            "bucket": "team-25-scp-bucket-wave-cloud-202220220315184310488000000001",
            "bucket_domain_name": "team-25-scp-bucket-wave-cloud-202220220315184310488000000001.s3.amazonaws.com",
            "bucket_regional_domain_name": "team-25-scp-bucket-wave-cloud-202220220315184310488000000001.s3.eu-west-3.amazonaws.com",
            "hosted_zone_id": "Z3R1K369G5AVDG",
            "id": "team-25-scp-bucket-wave-cloud-202220220315184310488000000001",
            "region": "eu-west-3",
            "website_domain": null,
            "website_endpoint": null
          },
          "sensitive_attributes": []
        }
      ]
    },
    {
      "module": "module.scp",
      "mode": "managed",
      "type": "aws_s3_bucket_object",
      "name": "scp_1",
      "provider": "provider[\"registry.terraform.io/hashicorp/aws\"]",
      "instances": [
        {
          "schema_version": 0,
          "attributes": {
            "acl": "private",
            "bucket": "team-25-scp-bucket-wave-cloud-202220220315184310488000000001",
            "bucket_key_enabled": false,
            "cache_control": "",
            "content": null,
            "content_base64": null,
            "content_disposition": "",
            "content_encoding": "",
            "content_language": "",
            "content_type": "binary/octet-stream",
            "etag": "f2c03e7a8b9fa2f10f6b5cfc693e9eb2",
            "force_destroy": false,
            "id": "scp-1.json",
            "key": "scp-1.json",
            "kms_key_id": null,
            "metadata": {},
            "object_lock_legal_hold_status": "",
            "object_lock_mode": "",
            "object_lock_retain_until_date": "",
            "server_side_encryption": "",
            "source": "scp-module/scp-policies/scp-1.json",
            "source_hash": null,
            "storage_class": "STANDARD",
            "tags": {},
            "tags_all": {},
            "version_id": "",
            "website_redirect": ""
          },
          "sensitive_attributes": [],
          "private": "bnVsbA==",
          "dependencies": [
            "module.scp.data.aws_s3_bucket.scp"
          ]
        }
      ]
    },
    {
      "module": "module.scp",
      "mode": "managed",
      "type": "aws_s3_bucket_object",
      "name": "scp_2",
      "provider": "provider[\"registry.terraform.io/hashicorp/aws\"]",
      "instances": [
        {
          "schema_version": 0,
          "attributes": {
            "acl": "private",
            "bucket": "team-25-scp-bucket-wave-cloud-202220220315184310488000000001",
            "bucket_key_enabled": false,
            "cache_control": "",
            "content": null,
            "content_base64": null,
            "content_disposition": "",
            "content_encoding": "",
            "content_language": "",
            "content_type": "binary/octet-stream",
            "etag": "f2c03e7a8b9fa2f10f6b5cfc693e9eb2",
            "force_destroy": false,
            "id": "scp-2.json",
            "key": "scp-2.json",
            "kms_key_id": null,
            "metadata": {},
            "object_lock_legal_hold_status": "",
            "object_lock_mode": "",
            "object_lock_retain_until_date": "",
            "server_side_encryption": "",
            "source": "scp-module/scp-policies/scp-2.json",
            "source_hash": null,
            "storage_class": "STANDARD",
            "tags": {},
            "tags_all": {},
            "version_id": "",
            "website_redirect": ""
          },
          "sensitive_attributes": [],
          "private": "bnVsbA==",
          "dependencies": [
            "module.scp.aws_s3_bucket_object.scp_1",
            "module.scp.data.aws_s3_bucket.scp",
            "module.scp.time_sleep.scp_1"
          ]
        }
      ]
    },
    {
      "module": "module.scp",
      "mode": "managed",
      "type": "aws_s3_bucket_object",
      "name": "scp_3",
      "provider": "provider[\"registry.terraform.io/hashicorp/aws\"]",
      "instances": [
        {
          "schema_version": 0,
          "attributes": {
            "acl": "private",
            "bucket": "team-25-scp-bucket-wave-cloud-202220220315184310488000000001",
            "bucket_key_enabled": false,
            "cache_control": "",
            "content": null,
            "content_base64": null,
            "content_disposition": "",
            "content_encoding": "",
            "content_language": "",
            "content_type": "binary/octet-stream",
            "etag": "f2c03e7a8b9fa2f10f6b5cfc693e9eb2",
            "force_destroy": false,
            "id": "scp-3.json",
            "key": "scp-3.json",
            "kms_key_id": null,
            "metadata": {},
            "object_lock_legal_hold_status": "",
            "object_lock_mode": "",
            "object_lock_retain_until_date": "",
            "server_side_encryption": "",
            "source": "scp-module/scp-policies/scp-3.json",
            "source_hash": null,
            "storage_class": "STANDARD",
            "tags": {},
            "tags_all": {},
            "version_id": "",
            "website_redirect": ""
          },
          "sensitive_attributes": [],
          "private": "bnVsbA==",
          "dependencies": [
            "module.scp.aws_s3_bucket_object.scp_1",
            "module.scp.aws_s3_bucket_object.scp_2",
            "module.scp.data.aws_s3_bucket.scp",
            "module.scp.time_sleep.scp_1",
            "module.scp.time_sleep.scp_2"
          ]
        }
      ]
    },
    {
      "module": "module.scp",
      "mode": "managed",
      "type": "time_sleep",
      "name": "scp_1",
      "provider": "provider[\"registry.terraform.io/hashicorp/time\"]",
      "instances": [
        {
          "schema_version": 0,
          "attributes": {
            "create_duration": "5s",
            "destroy_duration": "5s",
            "id": "2022-03-30T15:58:45Z",
            "triggers": null
          },
          "sensitive_attributes": [],
          "private": "bnVsbA==",
          "dependencies": [
            "module.scp.aws_s3_bucket_object.scp_1",
            "module.scp.data.aws_s3_bucket.scp"
          ]
        }
      ]
    },
    {
      "module": "module.scp",
      "mode": "managed",
      "type": "time_sleep",
      "name": "scp_2",
      "provider": "provider[\"registry.terraform.io/hashicorp/time\"]",
      "instances": [
        {
          "schema_version": 0,
          "attributes": {
            "create_duration": "5s",
            "destroy_duration": "5s",
            "id": "2022-03-30T15:58:51Z",
            "triggers": null
          },
          "sensitive_attributes": [],
          "private": "bnVsbA==",
          "dependencies": [
            "module.scp.aws_s3_bucket_object.scp_1",
            "module.scp.aws_s3_bucket_object.scp_2",
            "module.scp.data.aws_s3_bucket.scp",
            "module.scp.time_sleep.scp_1"
          ]
        }
      ]
    }
  ]
}
